
Microsoft Visual Studio Solution File, Format Version 12.00
# Visual Studio Version 17
VisualStudioVersion = 17.11.35312.102
MinimumVisualStudioVersion = 10.0.40219.1
Project("{FAE04EC0-301F-11D3-BF4B-00C04F79EFBC}") = "DALBook1", "DALBook1\DALBook1.csproj", "{07BC9858-DFDA-49FA-9CAE-A46B44B0ED27}"
EndProject
Project("{FAE04EC0-301F-11D3-BF4B-00C04F79EFBC}") = "MVCBook1", "MVCBook1\MVCBook1.csproj", "{081691D6-6E31-4A9E-8637-99850AE584E3}"
EndProject
Global
	GlobalSection(SolutionConfigurationPlatforms) = preSolution
		Debug|Any CPU = Debug|Any CPU
		Release|Any CPU = Release|Any CPU
	EndGlobalSection
	GlobalSection(ProjectConfigurationPlatforms) = postSolution
		{07BC9858-DFDA-49FA-9CAE-A46B44B0ED27}.Debug|Any CPU.ActiveCfg = Debug|Any CPU
		{07BC9858-DFDA-49FA-9CAE-A46B44B0ED27}.Debug|Any CPU.Build.0 = Debug|Any CPU
		{07BC9858-DFDA-49FA-9CAE-A46B44B0ED27}.Release|Any CPU.ActiveCfg = Release|Any CPU
		{07BC9858-DFDA-49FA-9CAE-A46B44B0ED27}.Release|Any CPU.Build.0 = Release|Any CPU
		{081691D6-6E31-4A9E-8637-99850AE584E3}.Debug|Any CPU.ActiveCfg = Debug|Any CPU
		{081691D6-6E31-4A9E-8637-99850AE584E3}.Debug|Any CPU.Build.0 = Debug|Any CPU
		{081691D6-6E31-4A9E-8637-99850AE584E3}.Release|Any CPU.ActiveCfg = Release|Any CPU
		{081691D6-6E31-4A9E-8637-99850AE584E3}.Release|Any CPU.Build.0 = Release|Any CPU
	EndGlobalSection
	GlobalSection(SolutionProperties) = preSolution
		HideSolutionNode = FALSE
	EndGlobalSection
	GlobalSection(ExtensibilityGlobals) = postSolution
		SolutionGuid = {8521102C-EF87-4E83-8E33-ACF2F82BCDFA}
	EndGlobalSection
EndGlobal
